// !$*UTF8*$!
{
	archiveVersion = 1;
	classes = {
	};
	objectVersion = 51;
	objects = {

/* Begin PBXBuildFile section */
		2CD630470A0E96B8691C5B3B /* TestListData.swift in Sources */ = {isa = PBXBuildFile; fileRef = 2CD63A27EE75C36BCF0497EE /* TestListData.swift */; };
		2CD6333F09513C82F21D2458 /* Utils.swift in Sources */ = {isa = PBXBuildFile; fileRef = 2CD634F00FF6FA502F5F6922 /* Utils.swift */; };
		2CD6362EE0957BAEFFC3A8F9 /* MainContent.swift in Sources */ = {isa = PBXBuildFile; fileRef = 2CD639CC3A73345B5ED89664 /* MainContent.swift */; };
		2CD63A128270C2A4E8B5319B /* TestListDataCell.xib in Resources */ = {isa = PBXBuildFile; fileRef = 2CD63319BF1EEF399060F2AA /* TestListDataCell.xib */; };
		2CD63A4524FC420E3F8296AB /* ContentData.swift in Sources */ = {isa = PBXBuildFile; fileRef = 2CD6356EE4629AACD278B993 /* ContentData.swift */; };
		2CD63AB0938642B14DD6E165 /* ContentDataView.xib in Resources */ = {isa = PBXBuildFile; fileRef = 2CD63EC98186BC59C846508F /* ContentDataView.xib */; };
		2CD63AF8347201AB519A0651 /* Base.swift in Sources */ = {isa = PBXBuildFile; fileRef = 2CD63B2EF723028224D6412A /* Base.swift */; };
		2CD63BB728303D4044BA01A6 /* TestListDataView.xib in Resources */ = {isa = PBXBuildFile; fileRef = 2CD638F6B33834059D568CB4 /* TestListDataView.xib */; };
		2CD63C806B180E8A69A5549D /* MainView.xib in Resources */ = {isa = PBXBuildFile; fileRef = 2CD63B7B5FA8C5BB3228B5E0 /* MainView.xib */; };
		9D91C4A622FC7CFE00F0CE35 /* AppDelegate.swift in Sources */ = {isa = PBXBuildFile; fileRef = 9D91C4A522FC7CFE00F0CE35 /* AppDelegate.swift */; };
		9D91C4AD22FC7CFF00F0CE35 /* Assets.xcassets in Resources */ = {isa = PBXBuildFile; fileRef = 9D91C4AC22FC7CFF00F0CE35 /* Assets.xcassets */; };
		9D91C4B022FC7CFF00F0CE35 /* LaunchScreen.storyboard in Resources */ = {isa = PBXBuildFile; fileRef = 9D91C4AE22FC7CFF00F0CE35 /* LaunchScreen.storyboard */; };
		9D91C4F722FF141000F0CE35 /* UlfyIOS.framework in Frameworks */ = {isa = PBXBuildFile; fileRef = 9D91C4F622FF141000F0CE35 /* UlfyIOS.framework */; };
		DC78B083F740BE05804B7DBD /* Pods_App.framework in Frameworks */ = {isa = PBXBuildFile; fileRef = 901474491A80FD206F118178 /* Pods_App.framework */; };
/* End PBXBuildFile section */

/* Begin PBXFileReference section */
		2CD63319BF1EEF399060F2AA /* TestListDataCell.xib */ = {isa = PBXFileReference; lastKnownFileType = file.xib; path = TestListDataCell.xib; sourceTree = "<group>"; };
		2CD634F00FF6FA502F5F6922 /* Utils.swift */ = {isa = PBXFileReference; fileEncoding = 4; lastKnownFileType = sourcecode.swift; path = Utils.swift; sourceTree = "<group>"; };
		2CD6356EE4629AACD278B993 /* ContentData.swift */ = {isa = PBXFileReference; fileEncoding = 4; lastKnownFileType = sourcecode.swift; path = ContentData.swift; sourceTree = "<group>"; };
		2CD638F6B33834059D568CB4 /* TestListDataView.xib */ = {isa = PBXFileReference; lastKnownFileType = file.xib; path = TestListDataView.xib; sourceTree = "<group>"; };
		2CD639CC3A73345B5ED89664 /* MainContent.swift */ = {isa = PBXFileReference; fileEncoding = 4; lastKnownFileType = sourcecode.swift; path = MainContent.swift; sourceTree = "<group>"; };
		2CD63A27EE75C36BCF0497EE /* TestListData.swift */ = {isa = PBXFileReference; fileEncoding = 4; lastKnownFileType = sourcecode.swift; path = TestListData.swift; sourceTree = "<group>"; };
		2CD63B2EF723028224D6412A /* Base.swift */ = {isa = PBXFileReference; fileEncoding = 4; lastKnownFileType = sourcecode.swift; path = Base.swift; sourceTree = "<group>"; };
		2CD63B7B5FA8C5BB3228B5E0 /* MainView.xib */ = {isa = PBXFileReference; lastKnownFileType = file.xib; path = MainView.xib; sourceTree = "<group>"; };
		2CD63EC98186BC59C846508F /* ContentDataView.xib */ = {isa = PBXFileReference; lastKnownFileType = file.xib; path = ContentDataView.xib; sourceTree = "<group>"; };
		658A7E9BAD8FA7F495CC38B8 /* Pods-App.debug.xcconfig */ = {isa = PBXFileReference; includeInIndex = 1; lastKnownFileType = text.xcconfig; name = "Pods-App.debug.xcconfig"; path = "Target Support Files/Pods-App/Pods-App.debug.xcconfig"; sourceTree = "<group>"; };
		901474491A80FD206F118178 /* Pods_App.framework */ = {isa = PBXFileReference; explicitFileType = wrapper.framework; includeInIndex = 0; path = Pods_App.framework; sourceTree = BUILT_PRODUCTS_DIR; };
		9D91C4A222FC7CFE00F0CE35 /* App.app */ = {isa = PBXFileReference; explicitFileType = wrapper.application; includeInIndex = 0; path = App.app; sourceTree = BUILT_PRODUCTS_DIR; };
		9D91C4A522FC7CFE00F0CE35 /* AppDelegate.swift */ = {isa = PBXFileReference; lastKnownFileType = sourcecode.swift; path = AppDelegate.swift; sourceTree = "<group>"; };
		9D91C4AC22FC7CFF00F0CE35 /* Assets.xcassets */ = {isa = PBXFileReference; lastKnownFileType = folder.assetcatalog; path = Assets.xcassets; sourceTree = "<group>"; };
		9D91C4AF22FC7CFF00F0CE35 /* Base */ = {isa = PBXFileReference; lastKnownFileType = file.storyboard; name = Base; path = Base.lproj/LaunchScreen.storyboard; sourceTree = "<group>"; };
		9D91C4B122FC7CFF00F0CE35 /* Info.plist */ = {isa = PBXFileReference; lastKnownFileType = text.plist.xml; path = Info.plist; sourceTree = "<group>"; };
		9D91C4DB22FC83BA00F0CE35 /* UlfyIOS.framework */ = {isa = PBXFileReference; explicitFileType = wrapper.framework; path = UlfyIOS.framework; sourceTree = BUILT_PRODUCTS_DIR; };
		9D91C4F422FF113800F0CE35 /* UlfyIOS.framework */ = {isa = PBXFileReference; explicitFileType = wrapper.framework; path = UlfyIOS.framework; sourceTree = BUILT_PRODUCTS_DIR; };
		9D91C4F622FF141000F0CE35 /* UlfyIOS.framework */ = {isa = PBXFileReference; explicitFileType = wrapper.framework; path = UlfyIOS.framework; sourceTree = BUILT_PRODUCTS_DIR; };
		BB1474A9D526C151DE7ADA03 /* Pods-App.release.xcconfig */ = {isa = PBXFileReference; includeInIndex = 1; lastKnownFileType = text.xcconfig; name = "Pods-App.release.xcconfig"; path = "Target Support Files/Pods-App/Pods-App.release.xcconfig"; sourceTree = "<group>"; };
/* End PBXFileReference section */

/* Begin PBXFrameworksBuildPhase section */
		9D91C49F22FC7CFE00F0CE35 /* Frameworks */ = {
			isa = PBXFrameworksBuildPhase;
			buildActionMask = 2147483647;
			files = (
				9D91C4F722FF141000F0CE35 /* UlfyIOS.framework in Frameworks */,
				DC78B083F740BE05804B7DBD /* Pods_App.framework in Frameworks */,
			);
			runOnlyForDeploymentPostprocessing = 0;
		};
/* End PBXFrameworksBuildPhase section */

/* Begin PBXGroup section */
		2CD630E22032CBDE3716CE93 /* base */ = {
			isa = PBXGroup;
			children = (
				2CD63B2EF723028224D6412A /* Base.swift */,
			);
			path = base;
			sourceTree = "<group>";
		};
		2CD6335CC3F5D8A10243C3B0 /* infrastructure */ = {
			isa = PBXGroup;
			children = (
				2CD634F00FF6FA502F5F6922 /* Utils.swift */,
			);
			path = infrastructure;
			sourceTree = "<group>";
		};
		2CD6360A3D7611DF7840B175 /* view */ = {
			isa = PBXGroup;
			children = (
				2CD63A27EE75C36BCF0497EE /* TestListData.swift */,
				2CD6356EE4629AACD278B993 /* ContentData.swift */,
				2CD639CC3A73345B5ED89664 /* MainContent.swift */,
			);
			path = view;
			sourceTree = "<group>";
		};
		2CD639BC005DE277B11C9A7B /* xib */ = {
			isa = PBXGroup;
			children = (
				2CD63EC98186BC59C846508F /* ContentDataView.xib */,
				2CD63319BF1EEF399060F2AA /* TestListDataCell.xib */,
				2CD638F6B33834059D568CB4 /* TestListDataView.xib */,
				2CD63B7B5FA8C5BB3228B5E0 /* MainView.xib */,
			);
			path = xib;
			sourceTree = "<group>";
		};
		672FDCC252194848C06ED5AD /* Pods */ = {
			isa = PBXGroup;
			children = (
				658A7E9BAD8FA7F495CC38B8 /* Pods-App.debug.xcconfig */,
				BB1474A9D526C151DE7ADA03 /* Pods-App.release.xcconfig */,
			);
			name = Pods;
			path = ../Pods;
			sourceTree = "<group>";
		};
		9D91C49922FC7CFE00F0CE35 = {
			isa = PBXGroup;
			children = (
				9D91C4A422FC7CFE00F0CE35 /* App */,
				9D91C4A322FC7CFE00F0CE35 /* Products */,
				9D91C4D222FC7D5600F0CE35 /* Frameworks */,
				672FDCC252194848C06ED5AD /* Pods */,
			);
			sourceTree = "<group>";
		};
		9D91C4A322FC7CFE00F0CE35 /* Products */ = {
			isa = PBXGroup;
			children = (
				9D91C4A222FC7CFE00F0CE35 /* App.app */,
			);
			name = Products;
			sourceTree = "<group>";
		};
		9D91C4A422FC7CFE00F0CE35 /* App */ = {
			isa = PBXGroup;
			children = (
				9D91C4A522FC7CFE00F0CE35 /* AppDelegate.swift */,
				9D91C4AC22FC7CFF00F0CE35 /* Assets.xcassets */,
				9D91C4AE22FC7CFF00F0CE35 /* LaunchScreen.storyboard */,
				9D91C4B122FC7CFF00F0CE35 /* Info.plist */,
				2CD6360A3D7611DF7840B175 /* view */,
				2CD639BC005DE277B11C9A7B /* xib */,
				2CD6335CC3F5D8A10243C3B0 /* infrastructure */,
				2CD630E22032CBDE3716CE93 /* base */,
			);
			path = App;
			sourceTree = "<group>";
		};
		9D91C4D222FC7D5600F0CE35 /* Frameworks */ = {
			isa = PBXGroup;
			children = (
				9D91C4F622FF141000F0CE35 /* UlfyIOS.framework */,
				9D91C4F422FF113800F0CE35 /* UlfyIOS.framework */,
				9D91C4DB22FC83BA00F0CE35 /* UlfyIOS.framework */,
				901474491A80FD206F118178 /* Pods_App.framework */,
			);
			name = Frameworks;
			sourceTree = "<group>";
		};
/* End PBXGroup section */

/* Begin PBXNativeTarget section */
		9D91C4A122FC7CFE00F0CE35 /* App */ = {
			isa = PBXNativeTarget;
			buildConfigurationList = 9D91C4B422FC7CFF00F0CE35 /* Build configuration list for PBXNativeTarget "App" */;
			buildPhases = (
				664706DCBC9E92E366DF3D8A /* [CP] Check Pods Manifest.lock */,
				9D91C49E22FC7CFE00F0CE35 /* Sources */,
				9D91C49F22FC7CFE00F0CE35 /* Frameworks */,
				9D91C4A022FC7CFE00F0CE35 /* Resources */,
				3D0AFF091B65EDE1807DF7E2 /* [CP] Embed Pods Frameworks */,
			);
			buildRules = (
			);
			dependencies = (
			);
			name = App;
			productName = App;
			productReference = 9D91C4A222FC7CFE00F0CE35 /* App.app */;
			productType = "com.apple.product-type.application";
		};
/* End PBXNativeTarget section */

/* Begin PBXProject section */
		9D91C49A22FC7CFE00F0CE35 /* Project object */ = {
			isa = PBXProject;
			attributes = {
				LastSwiftUpdateCheck = 1020;
				LastUpgradeCheck = 1020;
				ORGANIZATIONNAME = SparkUlfy;
				TargetAttributes = {
					9D91C4A122FC7CFE00F0CE35 = {
						CreatedOnToolsVersion = 10.2.1;
					};
				};
			};
			buildConfigurationList = 9D91C49D22FC7CFE00F0CE35 /* Build configuration list for PBXProject "App" */;
			compatibilityVersion = "Xcode 9.3";
			developmentRegion = en;
			hasScannedForEncodings = 0;
			knownRegions = (
				en,
				Base,
			);
			mainGroup = 9D91C49922FC7CFE00F0CE35;
			productRefGroup = 9D91C4A322FC7CFE00F0CE35 /* Products */;
			projectDirPath = "";
			projectRoot = "";
			targets = (
				9D91C4A122FC7CFE00F0CE35 /* App */,
			);
		};
/* End PBXProject section */

/* Begin PBXResourcesBuildPhase section */
		9D91C4A022FC7CFE00F0CE35 /* Resources */ = {
			isa = PBXResourcesBuildPhase;
			buildActionMask = 2147483647;
			files = (
				9D91C4B022FC7CFF00F0CE35 /* LaunchScreen.storyboard in Resources */,
				9D91C4AD22FC7CFF00F0CE35 /* Assets.xcassets in Resources */,
				2CD63AB0938642B14DD6E165 /* ContentDataView.xib in Resources */,
				2CD63A128270C2A4E8B5319B /* TestListDataCell.xib in Resources */,
				2CD63BB728303D4044BA01A6 /* TestListDataView.xib in Resources */,
				2CD63C806B180E8A69A5549D /* MainView.xib in Resources */,
			);
			runOnlyForDeploymentPostprocessing = 0;
		};
/* End PBXResourcesBuildPhase section */

/* Begin PBXShellScriptBuildPhase section */
		3D0AFF091B65EDE1807DF7E2 /* [CP] Embed Pods Frameworks */ = {
			isa = PBXShellScriptBuildPhase;
			buildActionMask = 2147483647;
			files = (
			);
			inputFileListPaths = (
				"${PODS_ROOT}/Target Support Files/Pods-App/Pods-App-frameworks-${CONFIGURATION}-input-files.xcfilelist",
			);
			name = "[CP] Embed Pods Frameworks";
			outputFileListPaths = (
				"${PODS_ROOT}/Target Support Files/Pods-App/Pods-App-frameworks-${CONFIGURATION}-output-files.xcfilelist",
			);
			runOnlyForDeploymentPostprocessing = 0;
			shellPath = /bin/sh;
			shellScript = "\"${PODS_ROOT}/Target Support Files/Pods-App/Pods-App-frameworks.sh\"\n";
			showEnvVarsInLog = 0;
		};
		664706DCBC9E92E366DF3D8A /* [CP] Check Pods Manifest.lock */ = {
			isa = PBXShellScriptBuildPhase;
			buildActionMask = 2147483647;
			files = (
			);
			inputFileListPaths = (
			);
			inputPaths = (
				"${PODS_PODFILE_DIR_PATH}/Podfile.lock",
				"${PODS_ROOT}/Manifest.lock",
			);
			name = "[CP] Check Pods Manifest.lock";
			outputFileListPaths = (
			);
			outputPaths = (
				"$(DERIVED_FILE_DIR)/Pods-App-checkManifestLockResult.txt",
			);
			runOnlyForDeploymentPostprocessing = 0;
			shellPath = /bin/sh;
			shellScript = "diff \"${PODS_PODFILE_DIR_PATH}/Podfile.lock\" \"${PODS_ROOT}/Manifest.lock\" > /dev/null\nif [ $? != 0 ] ; then\n    # print error to STDERR\n    echo \"error: The sandbox is not in sync with the Podfile.lock. Run 'pod install' or update your CocoaPods installation.\" >&2\n    exit 1\nfi\n# This output is used by Xcode 'outputs' to avoid re-running this script phase.\necho \"SUCCESS\" > \"${SCRIPT_OUTPUT_FILE_0}\"\n";
			showEnvVarsInLog = 0;
		};
/* End PBXShellScriptBuildPhase section */

/* Begin PBXSourcesBuildPhase section */
		9D91C49E22FC7CFE00F0CE35 /* Sources */ = {
			isa = PBXSourcesBuildPhase;
			buildActionMask = 2147483647;
			files = (
				9D91C4A622FC7CFE00F0CE35 /* AppDelegate.swift in Sources */,
				2CD630470A0E96B8691C5B3B /* TestListData.swift in Sources */,
				2CD63A4524FC420E3F8296AB /* ContentData.swift in Sources */,
				2CD6333F09513C82F21D2458 /* Utils.swift in Sources */,
				2CD6362EE0957BAEFFC3A8F9 /* MainContent.swift in Sources */,
				2CD63AF8347201AB519A0651 /* Base.swift in Sources */,
			);
			runOnlyForDeploymentPostprocessing = 0;
		};
/* End PBXSourcesBuildPhase section */

/* Begin PBXVariantGroup section */
		9D91C4AE22FC7CFF00F0CE35 /* LaunchScreen.storyboard */ = {
			isa = PBXVariantGroup;
			children = (
				9D91C4AF22FC7CFF00F0CE35 /* Base */,
			);
			name = LaunchScreen.storyboard;
			sourceTree = "<group>";
		};
/* End PBXVariantGroup section */

/* Begin XCBuildConfiguration section */
		9D91C4B222FC7CFF00F0CE35 /* Debug */ = {
			isa = XCBuildConfiguration;
			buildSettings = {
				ALWAYS_SEARCH_USER_PATHS = NO;
				CLANG_ANALYZER_NONNULL = YES;
				CLANG_ANALYZER_NUMBER_OBJECT_CONVERSION = YES_AGGRESSIVE;
				CLANG_CXX_LANGUAGE_STANDARD = "gnu++14";
				CLANG_CXX_LIBRARY = "libc++";
				CLANG_ENABLE_MODULES = YES;
				CLANG_ENABLE_OBJC_ARC = YES;
				CLANG_ENABLE_OBJC_WEAK = YES;
				CLANG_WARN_BLOCK_CAPTURE_AUTORELEASING = YES;
				CLANG_WARN_BOOL_CONVERSION = YES;
				CLANG_WARN_COMMA = YES;
				CLANG_WARN_CONSTANT_CONVERSION = YES;
				CLANG_WARN_DEPRECATED_OBJC_IMPLEMENTATIONS = YES;
				CLANG_WARN_DIRECT_OBJC_ISA_USAGE = YES_ERROR;
				CLANG_WARN_DOCUMENTATION_COMMENTS = YES;
				CLANG_WARN_EMPTY_BODY = YES;
				CLANG_WARN_ENUM_CONVERSION = YES;
				CLANG_WARN_INFINITE_RECURSION = YES;
				CLANG_WARN_INT_CONVERSION = YES;
				CLANG_WARN_NON_LITERAL_NULL_CONVERSION = YES;
				CLANG_WARN_OBJC_IMPLICIT_RETAIN_SELF = YES;
				CLANG_WARN_OBJC_LITERAL_CONVERSION = YES;
				CLANG_WARN_OBJC_ROOT_CLASS = YES_ERROR;
				CLANG_WARN_RANGE_LOOP_ANALYSIS = YES;
				CLANG_WARN_STRICT_PROTOTYPES = YES;
				CLANG_WARN_SUSPICIOUS_MOVE = YES;
				CLANG_WARN_UNGUARDED_AVAILABILITY = YES_AGGRESSIVE;
				CLANG_WARN_UNREACHABLE_CODE = YES;
				CLANG_WARN__DUPLICATE_METHOD_MATCH = YES;
				CODE_SIGN_IDENTITY = "iPhone Developer";
				COPY_PHASE_STRIP = NO;
				DEBUG_INFORMATION_FORMAT = dwarf;
				ENABLE_STRICT_OBJC_MSGSEND = YES;
				ENABLE_TESTABILITY = YES;
				GCC_C_LANGUAGE_STANDARD = gnu11;
				GCC_DYNAMIC_NO_PIC = NO;
				GCC_NO_COMMON_BLOCKS = YES;
				GCC_OPTIMIZATION_LEVEL = 0;
				GCC_PREPROCESSOR_DEFINITIONS = (
					"DEBUG=1",
					"$(inherited)",
				);
				GCC_WARN_64_TO_32_BIT_CONVERSION = YES;
				GCC_WARN_ABOUT_RETURN_TYPE = YES_ERROR;
				GCC_WARN_UNDECLARED_SELECTOR = YES;
				GCC_WARN_UNINITIALIZED_AUTOS = YES_AGGRESSIVE;
				GCC_WARN_UNUSED_FUNCTION = YES;
				GCC_WARN_UNUSED_VARIABLE = YES;
				IPHONEOS_DEPLOYMENT_TARGET = 12.2;
				MTL_ENABLE_DEBUG_INFO = INCLUDE_SOURCE;
				MTL_FAST_MATH = YES;
				ONLY_ACTIVE_ARCH = YES;
				SDKROOT = iphoneos;
				SWIFT_ACTIVE_COMPILATION_CONDITIONS = DEBUG;
				SWIFT_OPTIMIZATION_LEVEL = "-Onone";
			};
			name = Debug;
		};
		9D91C4B322FC7CFF00F0CE35 /* Release */ = {
			isa = XCBuildConfiguration;
			buildSettings = {
				ALWAYS_SEARCH_USER_PATHS = NO;
				CLANG_ANALYZER_NONNULL = YES;
				CLANG_ANALYZER_NUMBER_OBJECT_CONVERSION = YES_AGGRESSIVE;
				CLANG_CXX_LANGUAGE_STANDARD = "gnu++14";
				CLANG_CXX_LIBRARY = "libc++";
				CLANG_ENABLE_MODULES = YES;
				CLANG_ENABLE_OBJC_ARC = YES;
				CLANG_ENABLE_OBJC_WEAK = YES;
				CLANG_WARN_BLOCK_CAPTURE_AUTORELEASING = YES;
				CLANG_WARN_BOOL_CONVERSION = YES;
				CLANG_WARN_COMMA = YES;
				CLANG_WARN_CONSTANT_CONVERSION = YES;
				CLANG_WARN_DEPRECATED_OBJC_IMPLEMENTATIONS = YES;
				CLANG_WARN_DIRECT_OBJC_ISA_USAGE = YES_ERROR;
				CLANG_WARN_DOCUMENTATION_COMMENTS = YES;
				CLANG_WARN_EMPTY_BODY = YES;
				CLANG_WARN_ENUM_CONVERSION = YES;
				CLANG_WARN_INFINITE_RECURSION = YES;
				CLANG_WARN_INT_CONVERSION = YES;
				CLANG_WARN_NON_LITERAL_NULL_CONVERSION = YES;
				CLANG_WARN_OBJC_IMPLICIT_RETAIN_SELF = YES;
				CLANG_WARN_OBJC_LITERAL_CONVERSION = YES;
				CLANG_WARN_OBJC_ROOT_CLASS = YES_ERROR;
				CLANG_WARN_RANGE_LOOP_ANALYSIS = YES;
				CLANG_WARN_STRICT_PROTOTYPES = YES;
				CLANG_WARN_SUSPICIOUS_MOVE = YES;
				CLANG_WARN_UNGUARDED_AVAILABILITY = YES_AGGRESSIVE;
				CLANG_WARN_UNREACHABLE_CODE = YES;
				CLANG_WARN__DUPLICATE_METHOD_MATCH = YES;
				CODE_SIGN_IDENTITY = "iPhone Developer";
				COPY_PHASE_STRIP = NO;
				DEBUG_INFORMATION_FORMAT = "dwarf-with-dsym";
				ENABLE_NS_ASSERTIONS = NO;
				ENABLE_STRICT_OBJC_MSGSEND = YES;
				GCC_C_LANGUAGE_STANDARD = gnu11;
				GCC_NO_COMMON_BLOCKS = YES;
				GCC_WARN_64_TO_32_BIT_CONVERSION = YES;
				GCC_WARN_ABOUT_RETURN_TYPE = YES_ERROR;
				GCC_WARN_UNDECLARED_SELECTOR = YES;
				GCC_WARN_UNINITIALIZED_AUTOS = YES_AGGRESSIVE;
				GCC_WARN_UNUSED_FUNCTION = YES;
				GCC_WARN_UNUSED_VARIABLE = YES;
				IPHONEOS_DEPLOYMENT_TARGET = 12.2;
				MTL_ENABLE_DEBUG_INFO = NO;
				MTL_FAST_MATH = YES;
				SDKROOT = iphoneos;
				SWIFT_COMPILATION_MODE = wholemodule;
				SWIFT_OPTIMIZATION_LEVEL = "-O";
				VALIDATE_PRODUCT = YES;
			};
			name = Release;
		};
		9D91C4B522FC7CFF00F0CE35 /* Debug */ = {
			isa = XCBuildConfiguration;
			baseConfigurationReference = 658A7E9BAD8FA7F495CC38B8 /* Pods-App.debug.xcconfig */;
			buildSettings = {
				ASSETCATALOG_COMPILER_APPICON_NAME = AppIcon;
				CODE_SIGN_STYLE = Automatic;
				DEVELOPMENT_TEAM = YS8QQ4358X;
				INFOPLIST_FILE = App/Info.plist;
				LD_RUNPATH_SEARCH_PATHS = (
					"$(inherited)",
					"@executable_path/Frameworks",
				);
				PRODUCT_BUNDLE_IDENTIFIER = com.ulfy.App;
				PRODUCT_NAME = "$(TARGET_NAME)";
				SWIFT_VERSION = 5.0;
				TARGETED_DEVICE_FAMILY = "1,2";
			};
			name = Debug;
		};
		9D91C4B622FC7CFF00F0CE35 /* Release */ = {
			isa = XCBuildConfiguration;
			baseConfigurationReference = BB1474A9D526C151DE7ADA03 /* Pods-App.release.xcconfig */;
			buildSettings = {
				ASSETCATALOG_COMPILER_APPICON_NAME = AppIcon;
				CODE_SIGN_STYLE = Automatic;
				DEVELOPMENT_TEAM = YS8QQ4358X;
				INFOPLIST_FILE = App/Info.plist;
				LD_RUNPATH_SEARCH_PATHS = (
					"$(inherited)",
					"@executable_path/Frameworks",
				);
				PRODUCT_BUNDLE_IDENTIFIER = com.ulfy.App;
				PRODUCT_NAME = "$(TARGET_NAME)";
				SWIFT_VERSION = 5.0;
				TARGETED_DEVICE_FAMILY = "1,2";
			};
			name = Release;
		};
/* End XCBuildConfiguration section */

/* Begin XCConfigurationList section */
		9D91C49D22FC7CFE00F0CE35 /* Build configuration list for PBXProject "App" */ = {
			isa = XCConfigurationList;
			buildConfigurations = (
				9D91C4B222FC7CFF00F0CE35 /* Debug */,
				9D91C4B322FC7CFF00F0CE35 /* Release */,
			);
			defaultConfigurationIsVisible = 0;
			defaultConfigurationName = Release;
		};
		9D91C4B422FC7CFF00F0CE35 /* Build configuration list for PBXNativeTarget "App" */ = {
			isa = XCConfigurationList;
			buildConfigurations = (
				9D91C4B522FC7CFF00F0CE35 /* Debug */,
				9D91C4B622FC7CFF00F0CE35 /* Release */,
			);
			defaultConfigurationIsVisible = 0;
			defaultConfigurationName = Release;
		};
/* End XCConfigurationList section */
	};
	rootObject = 9D91C49A22FC7CFE00F0CE35 /* Project object */;
}
